// !$*UTF8*$!
{
	archiveVersion = 1;
	classes = {
	};
	objectVersion = 48;
	objects = {

/* Begin PBXBuildFile section */
		C5DA999023D6EFC2002EBCC5 /* AppDelegate.swift in Sources */ = {isa = PBXBuildFile; fileRef = C5DA998F23D6EFC2002EBCC5 /* AppDelegate.swift */; };
		C5DA999223D6EFC2002EBCC5 /* ViewController.swift in Sources */ = {isa = PBXBuildFile; fileRef = C5DA999123D6EFC2002EBCC5 /* ViewController.swift */; };
		C5DA999523D6EFC2002EBCC5 /* Main.storyboard in Resources */ = {isa = PBXBuildFile; fileRef = C5DA999323D6EFC2002EBCC5 /* Main.storyboard */; };
		C5DA999823D6EFC2002EBCC5 /* project2.xcdatamodeld in Sources */ = {isa = PBXBuildFile; fileRef = C5DA999623D6EFC2002EBCC5 /* project2.xcdatamodeld */; };
		C5DA999A23D6EFC2002EBCC5 /* Assets.xcassets in Resources */ = {isa = PBXBuildFile; fileRef = C5DA999923D6EFC2002EBCC5 /* Assets.xcassets */; };
		C5DA999D23D6EFC2002EBCC5 /* LaunchScreen.storyboard in Resources */ = {isa = PBXBuildFile; fileRef = C5DA999B23D6EFC2002EBCC5 /* LaunchScreen.storyboard */; };
		C5DA99A823D6EFC2002EBCC5 /* project2Tests.swift in Sources */ = {isa = PBXBuildFile; fileRef = C5DA99A723D6EFC2002EBCC5 /* project2Tests.swift */; };
		C5DA99B323D6EFC2002EBCC5 /* project2UITests.swift in Sources */ = {isa = PBXBuildFile; fileRef = C5DA99B223D6EFC2002EBCC5 /* project2UITests.swift */; };
		C5DA99C323D6F17C002EBCC5 /* dbmanager.swift in Sources */ = {isa = PBXBuildFile; fileRef = C5DA99C223D6F17C002EBCC5 /* dbmanager.swift */; };
		C5DA99C823D6F852002EBCC5 /* SignupViewController.swift in Sources */ = {isa = PBXBuildFile; fileRef = C5DA99C723D6F852002EBCC5 /* SignupViewController.swift */; };
		C5DA99CA23D6F891002EBCC5 /* SigninViewController.swift in Sources */ = {isa = PBXBuildFile; fileRef = C5DA99C923D6F891002EBCC5 /* SigninViewController.swift */; };
		C5F6B9D823D832A80076D8ED /* libsqlite3.0.tbd in Frameworks */ = {isa = PBXBuildFile; fileRef = C5F6B9D723D832A80076D8ED /* libsqlite3.0.tbd */; };
		C5F6BA1923D84A3D0076D8ED /* login1.db in Resources */ = {isa = PBXBuildFile; fileRef = C5F6BA1823D84A3D0076D8ED /* login1.db */; };
/* End PBXBuildFile section */

/* Begin PBXContainerItemProxy section */
		C5DA99A423D6EFC2002EBCC5 /* PBXContainerItemProxy */ = {
			isa = PBXContainerItemProxy;
			containerPortal = C5DA998423D6EFC2002EBCC5 /* Project object */;
			proxyType = 1;
			remoteGlobalIDString = C5DA998B23D6EFC2002EBCC5;
			remoteInfo = project2;
		};
		C5DA99AF23D6EFC2002EBCC5 /* PBXContainerItemProxy */ = {
			isa = PBXContainerItemProxy;
			containerPortal = C5DA998423D6EFC2002EBCC5 /* Project object */;
			proxyType = 1;
			remoteGlobalIDString = C5DA998B23D6EFC2002EBCC5;
			remoteInfo = project2;
		};
/* End PBXContainerItemProxy section */

/* Begin PBXFileReference section */
		C5DA998C23D6EFC2002EBCC5 /* project2.app */ = {isa = PBXFileReference; explicitFileType = wrapper.application; includeInIndex = 0; path = project2.app; sourceTree = BUILT_PRODUCTS_DIR; };
		C5DA998F23D6EFC2002EBCC5 /* AppDelegate.swift */ = {isa = PBXFileReference; lastKnownFileType = sourcecode.swift; path = AppDelegate.swift; sourceTree = "<group>"; };
		C5DA999123D6EFC2002EBCC5 /* ViewController.swift */ = {isa = PBXFileReference; lastKnownFileType = sourcecode.swift; path = ViewController.swift; sourceTree = "<group>"; };
		C5DA999423D6EFC2002EBCC5 /* Base */ = {isa = PBXFileReference; lastKnownFileType = file.storyboard; name = Base; path = Base.lproj/Main.storyboard; sourceTree = "<group>"; };
		C5DA999723D6EFC2002EBCC5 /* project2.xcdatamodel */ = {isa = PBXFileReference; lastKnownFileType = wrapper.xcdatamodel; path = project2.xcdatamodel; sourceTree = "<group>"; };
		C5DA999923D6EFC2002EBCC5 /* Assets.xcassets */ = {isa = PBXFileReference; lastKnownFileType = folder.assetcatalog; path = Assets.xcassets; sourceTree = "<group>"; };
		C5DA999C23D6EFC2002EBCC5 /* Base */ = {isa = PBXFileReference; lastKnownFileType = file.storyboard; name = Base; path = Base.lproj/LaunchScreen.storyboard; sourceTree = "<group>"; };
		C5DA999E23D6EFC2002EBCC5 /* Info.plist */ = {isa = PBXFileReference; lastKnownFileType = text.plist.xml; path = Info.plist; sourceTree = "<group>"; };
		C5DA99A323D6EFC2002EBCC5 /* project2Tests.xctest */ = {isa = PBXFileReference; explicitFileType = wrapper.cfbundle; includeInIndex = 0; path = project2Tests.xctest; sourceTree = BUILT_PRODUCTS_DIR; };
		C5DA99A723D6EFC2002EBCC5 /* project2Tests.swift */ = {isa = PBXFileReference; lastKnownFileType = sourcecode.swift; path = project2Tests.swift; sourceTree = "<group>"; };
		C5DA99A923D6EFC2002EBCC5 /* Info.plist */ = {isa = PBXFileReference; lastKnownFileType = text.plist.xml; path = Info.plist; sourceTree = "<group>"; };
		C5DA99AE23D6EFC2002EBCC5 /* project2UITests.xctest */ = {isa = PBXFileReference; explicitFileType = wrapper.cfbundle; includeInIndex = 0; path = project2UITests.xctest; sourceTree = BUILT_PRODUCTS_DIR; };
		C5DA99B223D6EFC2002EBCC5 /* project2UITests.swift */ = {isa = PBXFileReference; lastKnownFileType = sourcecode.swift; path = project2UITests.swift; sourceTree = "<group>"; };
		C5DA99B423D6EFC2002EBCC5 /* Info.plist */ = {isa = PBXFileReference; lastKnownFileType = text.plist.xml; path = Info.plist; sourceTree = "<group>"; };
		C5DA99C223D6F17C002EBCC5 /* dbmanager.swift */ = {isa = PBXFileReference; lastKnownFileType = sourcecode.swift; path = dbmanager.swift; sourceTree = "<group>"; };
		C5DA99C423D6F1C2002EBCC5 /* project2-Bridging-Header.h */ = {isa = PBXFileReference; lastKnownFileType = sourcecode.c.h; path = "project2-Bridging-Header.h"; sourceTree = "<group>"; };
		C5DA99C723D6F852002EBCC5 /* SignupViewController.swift */ = {isa = PBXFileReference; lastKnownFileType = sourcecode.swift; path = SignupViewController.swift; sourceTree = "<group>"; };
		C5DA99C923D6F891002EBCC5 /* SigninViewController.swift */ = {isa = PBXFileReference; lastKnownFileType = sourcecode.swift; path = SigninViewController.swift; sourceTree = "<group>"; };
		C5F6B9D723D832A80076D8ED /* libsqlite3.0.tbd */ = {isa = PBXFileReference; lastKnownFileType = "sourcecode.text-based-dylib-definition"; name = libsqlite3.0.tbd; path = usr/lib/libsqlite3.0.tbd; sourceTree = SDKROOT; };
		C5F6BA1823D84A3D0076D8ED /* login1.db */ = {isa = PBXFileReference; lastKnownFileType = file; name = login1.db; path = ../../../login1.db; sourceTree = "<group>"; };
/* End PBXFileReference section */

/* Begin PBXFrameworksBuildPhase section */
		C5DA998923D6EFC2002EBCC5 /* Frameworks */ = {
			isa = PBXFrameworksBuildPhase;
			buildActionMask = 2147483647;
			files = (
				C5F6B9D823D832A80076D8ED /* libsqlite3.0.tbd in Frameworks */,
			);
			runOnlyForDeploymentPostprocessing = 0;
		};
		C5DA99A023D6EFC2002EBCC5 /* Frameworks */ = {
			isa = PBXFrameworksBuildPhase;
			buildActionMask = 2147483647;
			files = (
			);
			runOnlyForDeploymentPostprocessing = 0;
		};
		C5DA99AB23D6EFC2002EBCC5 /* Frameworks */ = {
			isa = PBXFrameworksBuildPhase;
			buildActionMask = 2147483647;
			files = (
			);
			runOnlyForDeploymentPostprocessing = 0;
		};
/* End PBXFrameworksBuildPhase section */

/* Begin PBXGroup section */
		C5DA998323D6EFC2002EBCC5 = {
			isa = PBXGroup;
			children = (
				C5DA998E23D6EFC2002EBCC5 /* project2 */,
				C5DA99A623D6EFC2002EBCC5 /* project2Tests */,
				C5DA99B123D6EFC2002EBCC5 /* project2UITests */,
				C5DA998D23D6EFC2002EBCC5 /* Products */,
				C5F6B9D623D832A80076D8ED /* Frameworks */,
			);
			sourceTree = "<group>";
		};
		C5DA998D23D6EFC2002EBCC5 /* Products */ = {
			isa = PBXGroup;
			children = (
				C5DA998C23D6EFC2002EBCC5 /* project2.app */,
				C5DA99A323D6EFC2002EBCC5 /* project2Tests.xctest */,
				C5DA99AE23D6EFC2002EBCC5 /* project2UITests.xctest */,
			);
			name = Products;
			sourceTree = "<group>";
		};
		C5DA998E23D6EFC2002EBCC5 /* project2 */ = {
			isa = PBXGroup;
			children = (
				C5F6BA1823D84A3D0076D8ED /* login1.db */,
				C5DA998F23D6EFC2002EBCC5 /* AppDelegate.swift */,
				C5DA999123D6EFC2002EBCC5 /* ViewController.swift */,
				C5DA999323D6EFC2002EBCC5 /* Main.storyboard */,
				C5DA999923D6EFC2002EBCC5 /* Assets.xcassets */,
				C5DA999B23D6EFC2002EBCC5 /* LaunchScreen.storyboard */,
				C5DA999E23D6EFC2002EBCC5 /* Info.plist */,
				C5DA999623D6EFC2002EBCC5 /* project2.xcdatamodeld */,
				C5DA99C223D6F17C002EBCC5 /* dbmanager.swift */,
				C5DA99C423D6F1C2002EBCC5 /* project2-Bridging-Header.h */,
				C5DA99C723D6F852002EBCC5 /* SignupViewController.swift */,
				C5DA99C923D6F891002EBCC5 /* SigninViewController.swift */,
			);
			path = project2;
			sourceTree = "<group>";
		};
		C5DA99A623D6EFC2002EBCC5 /* project2Tests */ = {
			isa = PBXGroup;
			children = (
				C5DA99A723D6EFC2002EBCC5 /* project2Tests.swift */,
				C5DA99A923D6EFC2002EBCC5 /* Info.plist */,
			);
			path = project2Tests;
			sourceTree = "<group>";
		};
		C5DA99B123D6EFC2002EBCC5 /* project2UITests */ = {
			isa = PBXGroup;
			children = (
				C5DA99B223D6EFC2002EBCC5 /* project2UITests.swift */,
				C5DA99B423D6EFC2002EBCC5 /* Info.plist */,
			);
			path = project2UITests;
			sourceTree = "<group>";
		};
		C5F6B9D623D832A80076D8ED /* Frameworks */ = {
			isa = PBXGroup;
			children = (
				C5F6B9D723D832A80076D8ED /* libsqlite3.0.tbd */,
			);
			name = Frameworks;
			sourceTree = "<group>";
		};
/* End PBXGroup section */

/* Begin PBXNativeTarget section */
		C5DA998B23D6EFC2002EBCC5 /* project2 */ = {
			isa = PBXNativeTarget;
			buildConfigurationList = C5DA99B723D6EFC2002EBCC5 /* Build configuration list for PBXNativeTarget "project2" */;
			buildPhases = (
				C5DA998823D6EFC2002EBCC5 /* Sources */,
				C5DA998923D6EFC2002EBCC5 /* Frameworks */,
				C5DA998A23D6EFC2002EBCC5 /* Resources */,
			);
			buildRules = (
			);
			dependencies = (
			);
			name = project2;
			productName = project2;
			productReference = C5DA998C23D6EFC2002EBCC5 /* project2.app */;
			productType = "com.apple.product-type.application";
		};
		C5DA99A223D6EFC2002EBCC5 /* project2Tests */ = {
			isa = PBXNativeTarget;
			buildConfigurationList = C5DA99BA23D6EFC2002EBCC5 /* Build configuration list for PBXNativeTarget "project2Tests" */;
			buildPhases = (
				C5DA999F23D6EFC2002EBCC5 /* Sources */,
				C5DA99A023D6EFC2002EBCC5 /* Frameworks */,
				C5DA99A123D6EFC2002EBCC5 /* Resources */,
			);
			buildRules = (
			);
			dependencies = (
				C5DA99A523D6EFC2002EBCC5 /* PBXTargetDependency */,
			);
			name = project2Tests;
			productName = project2Tests;
			productReference = C5DA99A323D6EFC2002EBCC5 /* project2Tests.xctest */;
			productType = "com.apple.product-type.bundle.unit-test";
		};
		C5DA99AD23D6EFC2002EBCC5 /* project2UITests */ = {
			isa = PBXNativeTarget;
			buildConfigurationList = C5DA99BD23D6EFC2002EBCC5 /* Build configuration list for PBXNativeTarget "project2UITests" */;
			buildPhases = (
				C5DA99AA23D6EFC2002EBCC5 /* Sources */,
				C5DA99AB23D6EFC2002EBCC5 /* Frameworks */,
				C5DA99AC23D6EFC2002EBCC5 /* Resources */,
			);
			buildRules = (
			);
			dependencies = (
				C5DA99B023D6EFC2002EBCC5 /* PBXTargetDependency */,
			);
			name = project2UITests;
			productName = project2UITests;
			productReference = C5DA99AE23D6EFC2002EBCC5 /* project2UITests.xctest */;
			productType = "com.apple.product-type.bundle.ui-testing";
		};
/* End PBXNativeTarget section */

/* Begin PBXProject section */
		C5DA998423D6EFC2002EBCC5 /* Project object */ = {
			isa = PBXProject;
			attributes = {
				LastSwiftUpdateCheck = 0920;
				LastUpgradeCheck = 0920;
				ORGANIZATIONNAME = "COE-02";
				TargetAttributes = {
					C5DA998B23D6EFC2002EBCC5 = {
						CreatedOnToolsVersion = 9.2;
						LastSwiftMigration = 0920;
						ProvisioningStyle = Automatic;
					};
					C5DA99A223D6EFC2002EBCC5 = {
						CreatedOnToolsVersion = 9.2;
						ProvisioningStyle = Automatic;
						TestTargetID = C5DA998B23D6EFC2002EBCC5;
					};
					C5DA99AD23D6EFC2002EBCC5 = {
						CreatedOnToolsVersion = 9.2;
						ProvisioningStyle = Automatic;
						TestTargetID = C5DA998B23D6EFC2002EBCC5;
					};
				};
			};
			buildConfigurationList = C5DA998723D6EFC2002EBCC5 /* Build configuration list for PBXProject "project2" */;
			compatibilityVersion = "Xcode 8.0";
			developmentRegion = en;
			hasScannedForEncodings = 0;
			knownRegions = (
				en,
				Base,
			);
			mainGroup = C5DA998323D6EFC2002EBCC5;
			productRefGroup = C5DA998D23D6EFC2002EBCC5 /* Products */;
			projectDirPath = "";
			projectRoot = "";
			targets = (
				C5DA998B23D6EFC2002EBCC5 /* project2 */,
				C5DA99A223D6EFC2002EBCC5 /* project2Tests */,
				C5DA99AD23D6EFC2002EBCC5 /* project2UITests */,
			);
		};
/* End PBXProject section */

/* Begin PBXResourcesBuildPhase section */
		C5DA998A23D6EFC2002EBCC5 /* Resources */ = {
			isa = PBXResourcesBuildPhase;
			buildActionMask = 2147483647;
			files = (
				C5DA999D23D6EFC2002EBCC5 /* LaunchScreen.storyboard in Resources */,
				C5DA999A23D6EFC2002EBCC5 /* Assets.xcassets in Resources */,
				C5DA999523D6EFC2002EBCC5 /* Main.storyboard in Resources */,
				C5F6BA1923D84A3D0076D8ED /* login1.db in Resources */,
			);
			runOnlyForDeploymentPostprocessing = 0;
		};
		C5DA99A123D6EFC2002EBCC5 /* Resources */ = {
			isa = PBXResourcesBuildPhase;
			buildActionMask = 2147483647;
			files = (
			);
			runOnlyForDeploymentPostprocessing = 0;
		};
		C5DA99AC23D6EFC2002EBCC5 /* Resources */ = {
			isa = PBXResourcesBuildPhase;
			buildActionMask = 2147483647;
			files = (
			);
			runOnlyForDeploymentPostprocessing = 0;
		};
/* End PBXResourcesBuildPhase section */

/* Begin PBXSourcesBuildPhase section */
		C5DA998823D6EFC2002EBCC5 /* Sources */ = {
			isa = PBXSourcesBuildPhase;
			buildActionMask = 2147483647;
			files = (
				C5DA999223D6EFC2002EBCC5 /* ViewController.swift in Sources */,
				C5DA999023D6EFC2002EBCC5 /* AppDelegate.swift in Sources */,
				C5DA99CA23D6F891002EBCC5 /* SigninViewController.swift in Sources */,
				C5DA99C823D6F852002EBCC5 /* SignupViewController.swift in Sources */,
				C5DA999823D6EFC2002EBCC5 /* project2.xcdatamodeld in Sources */,
				C5DA99C323D6F17C002EBCC5 /* dbmanager.swift in Sources */,
			);
			runOnlyForDeploymentPostprocessing = 0;
		};
		C5DA999F23D6EFC2002EBCC5 /* Sources */ = {
			isa = PBXSourcesBuildPhase;
			buildActionMask = 2147483647;
			files = (
				C5DA99A823D6EFC2002EBCC5 /* project2Tests.swift in Sources */,
			);
			runOnlyForDeploymentPostprocessing = 0;
		};
		C5DA99AA23D6EFC2002EBCC5 /* Sources */ = {
			isa = PBXSourcesBuildPhase;
			buildActionMask = 2147483647;
			files = (
				C5DA99B323D6EFC2002EBCC5 /* project2UITests.swift in Sources */,
			);
			runOnlyForDeploymentPostprocessing = 0;
		};
/* End PBXSourcesBuildPhase section */

/* Begin PBXTargetDependency section */
		C5DA99A523D6EFC2002EBCC5 /* PBXTargetDependency */ = {
			isa = PBXTargetDependency;
			target = C5DA998B23D6EFC2002EBCC5 /* project2 */;
			targetProxy = C5DA99A423D6EFC2002EBCC5 /* PBXContainerItemProxy */;
		};
		C5DA99B023D6EFC2002EBCC5 /* PBXTargetDependency */ = {
			isa = PBXTargetDependency;
			target = C5DA998B23D6EFC2002EBCC5 /* project2 */;
			targetProxy = C5DA99AF23D6EFC2002EBCC5 /* PBXContainerItemProxy */;
		};
/* End PBXTargetDependency section */

/* Begin PBXVariantGroup section */
		C5DA999323D6EFC2002EBCC5 /* Main.storyboard */ = {
			isa = PBXVariantGroup;
			children = (
				C5DA999423D6EFC2002EBCC5 /* Base */,
			);
			name = Main.storyboard;
			sourceTree = "<group>";
		};
		C5DA999B23D6EFC2002EBCC5 /* LaunchScreen.storyboard */ = {
			isa = PBXVariantGroup;
			children = (
				C5DA999C23D6EFC2002EBCC5 /* Base */,
			);
			name = LaunchScreen.storyboard;
			sourceTree = "<group>";
		};
/* End PBXVariantGroup section */

/* Begin XCBuildConfiguration section */
		C5DA99B523D6EFC2002EBCC5 /* Debug */ = {
			isa = XCBuildConfiguration;
			buildSettings = {
				ALWAYS_SEARCH_USER_PATHS = NO;
				CLANG_ANALYZER_NONNULL = YES;
				CLANG_ANALYZER_NUMBER_OBJECT_CONVERSION = YES_AGGRESSIVE;
				CLANG_CXX_LANGUAGE_STANDARD = "gnu++14";
				CLANG_CXX_LIBRARY = "libc++";
				CLANG_ENABLE_MODULES = YES;
				CLANG_ENABLE_OBJC_ARC = YES;
				CLANG_WARN_BLOCK_CAPTURE_AUTORELEASING = YES;
				CLANG_WARN_BOOL_CONVERSION = YES;
				CLANG_WARN_COMMA = YES;
				CLANG_WARN_CONSTANT_CONVERSION = YES;
				CLANG_WARN_DIRECT_OBJC_ISA_USAGE = YES_ERROR;
				CLANG_WARN_DOCUMENTATION_COMMENTS = YES;
				CLANG_WARN_EMPTY_BODY = YES;
				CLANG_WARN_ENUM_CONVERSION = YES;
				CLANG_WARN_INFINITE_RECURSION = YES;
				CLANG_WARN_INT_CONVERSION = YES;
				CLANG_WARN_NON_LITERAL_NULL_CONVERSION = YES;
				CLANG_WARN_OBJC_LITERAL_CONVERSION = YES;
				CLANG_WARN_OBJC_ROOT_CLASS = YES_ERROR;
				CLANG_WARN_RANGE_LOOP_ANALYSIS = YES;
				CLANG_WARN_STRICT_PROTOTYPES = YES;
				CLANG_WARN_SUSPICIOUS_MOVE = YES;
				CLANG_WARN_UNGUARDED_AVAILABILITY = YES_AGGRESSIVE;
				CLANG_WARN_UNREACHABLE_CODE = YES;
				CLANG_WARN__DUPLICATE_METHOD_MATCH = YES;
				CODE_SIGN_IDENTITY = "iPhone Developer";
				COPY_PHASE_STRIP = NO;
				DEBUG_INFORMATION_FORMAT = dwarf;
				ENABLE_STRICT_OBJC_MSGSEND = YES;
				ENABLE_TESTABILITY = YES;
				GCC_C_LANGUAGE_STANDARD = gnu11;
				GCC_DYNAMIC_NO_PIC = NO;
				GCC_NO_COMMON_BLOCKS = YES;
				GCC_OPTIMIZATION_LEVEL = 0;
				GCC_PREPROCESSOR_DEFINITIONS = (
					"DEBUG=1",
					"$(inherited)",
				);
				GCC_WARN_64_TO_32_BIT_CONVERSION = YES;
				GCC_WARN_ABOUT_RETURN_TYPE = YES_ERROR;
				GCC_WARN_UNDECLARED_SELECTOR = YES;
				GCC_WARN_UNINITIALIZED_AUTOS = YES_AGGRESSIVE;
				GCC_WARN_UNUSED_FUNCTION = YES;
				GCC_WARN_UNUSED_VARIABLE = YES;
				IPHONEOS_DEPLOYMENT_TARGET = 11.2;
				MTL_ENABLE_DEBUG_INFO = YES;
				ONLY_ACTIVE_ARCH = YES;
				SDKROOT = iphoneos;
				SWIFT_ACTIVE_COMPILATION_CONDITIONS = DEBUG;
				SWIFT_OPTIMIZATION_LEVEL = "-Onone";
			};
			name = Debug;
		};
		C5DA99B623D6EFC2002EBCC5 /* Release */ = {
			isa = XCBuildConfiguration;
			buildSettings = {
				ALWAYS_SEARCH_USER_PATHS = NO;
				CLANG_ANALYZER_NONNULL = YES;
				CLANG_ANALYZER_NUMBER_OBJECT_CONVERSION = YES_AGGRESSIVE;
				CLANG_CXX_LANGUAGE_STANDARD = "gnu++14";
				CLANG_CXX_LIBRARY = "libc++";
				CLANG_ENABLE_MODULES = YES;
				CLANG_ENABLE_OBJC_ARC = YES;
				CLANG_WARN_BLOCK_CAPTURE_AUTORELEASING = YES;
				CLANG_WARN_BOOL_CONVERSION = YES;
				CLANG_WARN_COMMA = YES;
				CLANG_WARN_CONSTANT_CONVERSION = YES;
				CLANG_WARN_DIRECT_OBJC_ISA_USAGE = YES_ERROR;
				CLANG_WARN_DOCUMENTATION_COMMENTS = YES;
				CLANG_WARN_EMPTY_BODY = YES;
				CLANG_WARN_ENUM_CONVERSION = YES;
				CLANG_WARN_INFINITE_RECURSION = YES;
				CLANG_WARN_INT_CONVERSION = YES;
				CLANG_WARN_NON_LITERAL_NULL_CONVERSION = YES;
				CLANG_WARN_OBJC_LITERAL_CONVERSION = YES;
				CLANG_WARN_OBJC_ROOT_CLASS = YES_ERROR;
				CLANG_WARN_RANGE_LOOP_ANALYSIS = YES;
				CLANG_WARN_STRICT_PROTOTYPES = YES;
				CLANG_WARN_SUSPICIOUS_MOVE = YES;
				CLANG_WARN_UNGUARDED_AVAILABILITY = YES_AGGRESSIVE;
				CLANG_WARN_UNREACHABLE_CODE = YES;
				CLANG_WARN__DUPLICATE_METHOD_MATCH = YES;
				CODE_SIGN_IDENTITY = "iPhone Developer";
				COPY_PHASE_STRIP = NO;
				DEBUG_INFORMATION_FORMAT = "dwarf-with-dsym";
				ENABLE_NS_ASSERTIONS = NO;
				ENABLE_STRICT_OBJC_MSGSEND = YES;
				GCC_C_LANGUAGE_STANDARD = gnu11;
				GCC_NO_COMMON_BLOCKS = YES;
				GCC_WARN_64_TO_32_BIT_CONVERSION = YES;
				GCC_WARN_ABOUT_RETURN_TYPE = YES_ERROR;
				GCC_WARN_UNDECLARED_SELECTOR = YES;
				GCC_WARN_UNINITIALIZED_AUTOS = YES_AGGRESSIVE;
				GCC_WARN_UNUSED_FUNCTION = YES;
				GCC_WARN_UNUSED_VARIABLE = YES;
				IPHONEOS_DEPLOYMENT_TARGET = 11.2;
				MTL_ENABLE_DEBUG_INFO = NO;
				SDKROOT = iphoneos;
				SWIFT_OPTIMIZATION_LEVEL = "-Owholemodule";
				VALIDATE_PRODUCT = YES;
			};
			name = Release;
		};
		C5DA99B823D6EFC2002EBCC5 /* Debug */ = {
			isa = XCBuildConfiguration;
			buildSettings = {
				ASSETCATALOG_COMPILER_APPICON_NAME = AppIcon;
				CLANG_ENABLE_MODULES = YES;
				CODE_SIGN_STYLE = Automatic;
				INFOPLIST_FILE = project2/Info.plist;
				LD_RUNPATH_SEARCH_PATHS = "$(inherited) @executable_path/Frameworks";
				PRODUCT_BUNDLE_IDENTIFIER = daivat.project2;
				PRODUCT_NAME = "$(TARGET_NAME)";
				SWIFT_OBJC_BRIDGING_HEADER = "project2/project2-Bridging-Header.h";
				SWIFT_OPTIMIZATION_LEVEL = "-Onone";
				SWIFT_VERSION = 4.0;
				TARGETED_DEVICE_FAMILY = "1,2";
			};
			name = Debug;
		};
		C5DA99B923D6EFC2002EBCC5 /* Release */ = {
			isa = XCBuildConfiguration;
			buildSettings = {
				ASSETCATALOG_COMPILER_APPICON_NAME = AppIcon;
				CLANG_ENABLE_MODULES = YES;
				CODE_SIGN_STYLE = Automatic;
				INFOPLIST_FILE = project2/Info.plist;
				LD_RUNPATH_SEARCH_PATHS = "$(inherited) @executable_path/Frameworks";
				PRODUCT_BUNDLE_IDENTIFIER = daivat.project2;
				PRODUCT_NAME = "$(TARGET_NAME)";
				SWIFT_OBJC_BRIDGING_HEADER = "project2/project2-Bridging-Header.h";
				SWIFT_VERSION = 4.0;
				TARGETED_DEVICE_FAMILY = "1,2";
			};
			name = Release;
		};
		C5DA99BB23D6EFC2002EBCC5 /* Debug */ = {
			isa = XCBuildConfiguration;
			buildSettings = {
				ALWAYS_EMBED_SWIFT_STANDARD_LIBRARIES = YES;
				BUNDLE_LOADER = "$(TEST_HOST)";
				CODE_SIGN_STYLE = Automatic;
				INFOPLIST_FILE = project2Tests/Info.plist;
				LD_RUNPATH_SEARCH_PATHS = "$(inherited) @executable_path/Frameworks @loader_path/Frameworks";
				PRODUCT_BUNDLE_IDENTIFIER = daivat.project2Tests;
				PRODUCT_NAME = "$(TARGET_NAME)";
				SWIFT_VERSION = 4.0;
				TARGETED_DEVICE_FAMILY = "1,2";
				TEST_HOST = "$(BUILT_PRODUCTS_DIR)/project2.app/project2";
			};
			name = Debug;
		};
		C5DA99BC23D6EFC2002EBCC5 /* Release */ = {
			isa = XCBuildConfiguration;
			buildSettings = {
				ALWAYS_EMBED_SWIFT_STANDARD_LIBRARIES = YES;
				BUNDLE_LOADER = "$(TEST_HOST)";
				CODE_SIGN_STYLE = Automatic;
				INFOPLIST_FILE = project2Tests/Info.plist;
				LD_RUNPATH_SEARCH_PATHS = "$(inherited) @executable_path/Frameworks @loader_path/Frameworks";
				PRODUCT_BUNDLE_IDENTIFIER = daivat.project2Tests;
				PRODUCT_NAME = "$(TARGET_NAME)";
				SWIFT_VERSION = 4.0;
				TARGETED_DEVICE_FAMILY = "1,2";
				TEST_HOST = "$(BUILT_PRODUCTS_DIR)/project2.app/project2";
			};
			name = Release;
		};
		C5DA99BE23D6EFC2002EBCC5 /* Debug */ = {
			isa = XCBuildConfiguration;
			buildSettings = {
				ALWAYS_EMBED_SWIFT_STANDARD_LIBRARIES = YES;
				CODE_SIGN_STYLE = Automatic;
				INFOPLIST_FILE = project2UITests/Info.plist;
				LD_RUNPATH_SEARCH_PATHS = "$(inherited) @executable_path/Frameworks @loader_path/Frameworks";
				PRODUCT_BUNDLE_IDENTIFIER = daivat.project2UITests;
				PRODUCT_NAME = "$(TARGET_NAME)";
				SWIFT_VERSION = 4.0;
				TARGETED_DEVICE_FAMILY = "1,2";
				TEST_TARGET_NAME = project2;
			};
			name = Debug;
		};
		C5DA99BF23D6EFC2002EBCC5 /* Release */ = {
			isa = XCBuildConfiguration;
			buildSettings = {
				ALWAYS_EMBED_SWIFT_STANDARD_LIBRARIES = YES;
				CODE_SIGN_STYLE = Automatic;
				INFOPLIST_FILE = project2UITests/Info.plist;
				LD_RUNPATH_SEARCH_PATHS = "$(inherited) @executable_path/Frameworks @loader_path/Frameworks";
				PRODUCT_BUNDLE_IDENTIFIER = daivat.project2UITests;
				PRODUCT_NAME = "$(TARGET_NAME)";
				SWIFT_VERSION = 4.0;
				TARGETED_DEVICE_FAMILY = "1,2";
				TEST_TARGET_NAME = project2;
			};
			name = Release;
		};
/* End XCBuildConfiguration section */

/* Begin XCConfigurationList section */
		C5DA998723D6EFC2002EBCC5 /* Build configuration list for PBXProject "project2" */ = {
			isa = XCConfigurationList;
			buildConfigurations = (
				C5DA99B523D6EFC2002EBCC5 /* Debug */,
				C5DA99B623D6EFC2002EBCC5 /* Release */,
			);
			defaultConfigurationIsVisible = 0;
			defaultConfigurationName = Release;
		};
		C5DA99B723D6EFC2002EBCC5 /* Build configuration list for PBXNativeTarget "project2" */ = {
			isa = XCConfigurationList;
			buildConfigurations = (
				C5DA99B823D6EFC2002EBCC5 /* Debug */,
				C5DA99B923D6EFC2002EBCC5 /* Release */,
			);
			defaultConfigurationIsVisible = 0;
			defaultConfigurationName = Release;
		};
		C5DA99BA23D6EFC2002EBCC5 /* Build configuration list for PBXNativeTarget "project2Tests" */ = {
			isa = XCConfigurationList;
			buildConfigurations = (
				C5DA99BB23D6EFC2002EBCC5 /* Debug */,
				C5DA99BC23D6EFC2002EBCC5 /* Release */,
			);
			defaultConfigurationIsVisible = 0;
			defaultConfigurationName = Release;
		};
		C5DA99BD23D6EFC2002EBCC5 /* Build configuration list for PBXNativeTarget "project2UITests" */ = {
			isa = XCConfigurationList;
			buildConfigurations = (
				C5DA99BE23D6EFC2002EBCC5 /* Debug */,
				C5DA99BF23D6EFC2002EBCC5 /* Release */,
			);
			defaultConfigurationIsVisible = 0;
			defaultConfigurationName = Release;
		};
/* End XCConfigurationList section */

/* Begin XCVersionGroup section */
		C5DA999623D6EFC2002EBCC5 /* project2.xcdatamodeld */ = {
			isa = XCVersionGroup;
			children = (
				C5DA999723D6EFC2002EBCC5 /* project2.xcdatamodel */,
			);
			currentVersion = C5DA999723D6EFC2002EBCC5 /* project2.xcdatamodel */;
			path = project2.xcdatamodeld;
			sourceTree = "<group>";
			versionGroupType = wrapper.xcdatamodel;
		};
/* End XCVersionGroup section */
	};
	rootObject = C5DA998423D6EFC2002EBCC5 /* Project object */;
}
